# THIS IS AN AUTOGENERATED FILE. DO NOT EDIT THIS FILE DIRECTLY.
# yarn lockfile v1


"@prettier/plugin-php@^0.12.0":
  version "0.12.0"
  resolved "https://registry.yarnpkg.com/@prettier/plugin-php/-/plugin-php-0.12.0.tgz#d70037c8a7fb46ed47de8bee47d73c2e03cec769"
  integrity sha512-XoP2qX/Es1d6QWwxPRJm+KBS90g/iUs9zT7mbo2H5IdDf7JoWuxGPsmpFuCkRJIFlROuyWJFOBHvDC7z3ne2pw==
  dependencies:
    linguist-languages "^7.5.1"
    mem "^6.0.1"
    php-parser glayzzle/php-parser#prettier

linguist-languages@^7.5.1:
  version "7.10.0"
  resolved "https://registry.yarnpkg.com/linguist-languages/-/linguist-languages-7.10.0.tgz#c2098dfe6c5a4ab665fb78f13b190344e4cff1af"
  integrity sha512-Uqt94P4iAznscZtccnNE1IBi105U+fmQKEUlDJv54JDdFZDInomkepEIRpZLOQcPyGdcNu3JO9Tvo5wpQVbfKw==

map-age-cleaner@^0.1.3:
  version "0.1.3"
  resolved "https://registry.yarnpkg.com/map-age-cleaner/-/map-age-cleaner-0.1.3.tgz#7d583a7306434c055fe474b0f45078e6e1b4b92a"
  integrity sha512-bJzx6nMoP6PDLPBFmg7+xRKeFZvFboMrGlxmNj9ClvX53KrmvM5bXFXEWjbz4cz1AFn+jWJ9z/DJSz7hrs0w3w==
  dependencies:
    p-defer "^1.0.0"

mem@^6.0.1:
  version "6.1.0"
  resolved "https://registry.yarnpkg.com/mem/-/mem-6.1.0.tgz#846eca0bd4708a8f04b9c3f3cd769e194ae63c5c"
  integrity sha512-RlbnLQgRHk5lwqTtpEkBTQ2ll/CG/iB+J4Hy2Wh97PjgZgXgWJWrFF+XXujh3UUVLvR4OOTgZzcWMMwnehlEUg==
  dependencies:
    map-age-cleaner "^0.1.3"
    mimic-fn "^3.0.0"

mimic-fn@^3.0.0:
  version "3.0.0"
  resolved "https://registry.yarnpkg.com/mimic-fn/-/mimic-fn-3.0.0.tgz#76044cfa8818bbf6999c5c9acadf2d3649b14b4b"
  integrity sha512-PiVO95TKvhiwgSwg1IdLYlCTdul38yZxZMIcnDSFIBUm4BNZha2qpQ4GpJ++15bHoKDtrW2D69lMfFwdFYtNZQ==

p-defer@^1.0.0:
  version "1.0.0"
  resolved "https://registry.yarnpkg.com/p-defer/-/p-defer-1.0.0.tgz#9f6eb182f6c9aa8cd743004a7d4f96b196b0fb0c"
  integrity sha1-n26xgvbJqozXQwBKfU+WsZaw+ww=

php-parser@glayzzle/php-parser#prettier:
  version "3.0.0-prerelease.9"
  resolved "https://codeload.github.com/glayzzle/php-parser/tar.gz/3279b7ee9bd78b914b5b840edc749eee0fabbfd8"

prettier@^1.19.1:
  version "1.19.1"
  resolved "https://registry.yarnpkg.com/prettier/-/prettier-1.19.1.tgz#f7d7f5ff8a9cd872a7be4ca142095956a60797cb"
  integrity sha512-s7PoyDv/II1ObgQunCbB9PdLmUcBZcnWOcxDh7O0N/UwDEsHyqkW+Qh28jW+mVuCdx7gLB0BotYI1Y6uI9iyew==
